
Microsoft Visual Studio Solution File, Format Version 12.00
# Visual Studio Version 16
VisualStudioVersion = 16.0.29905.134
MinimumVisualStudioVersion = 10.0.40219.1
Project("{8BC9CEB8-8B4A-11D0-8D11-00A0C91BC942}") = "ObjectPoolDesignPattern", "ObjectPoolDesignPattern\ObjectPoolDesignPattern.vcxproj", "{6564A194-4992-48F6-969C-02CAB93D4FB4}"
EndProject
Global
	GlobalSection(SolutionConfigurationPlatforms) = preSolution
		Debug|x64 = Debug|x64
		Debug|x86 = Debug|x86
		Release|x64 = Release|x64
		Release|x86 = Release|x86
	EndGlobalSection
	GlobalSection(ProjectConfigurationPlatforms) = postSolution
		{6564A194-4992-48F6-969C-02CAB93D4FB4}.Debug|x64.ActiveCfg = Debug|x64
		{6564A194-4992-48F6-969C-02CAB93D4FB4}.Debug|x64.Build.0 = Debug|x64
		{6564A194-4992-48F6-969C-02CAB93D4FB4}.Debug|x86.ActiveCfg = Debug|Win32
		{6564A194-4992-48F6-969C-02CAB93D4FB4}.Debug|x86.Build.0 = Debug|Win32
		{6564A194-4992-48F6-969C-02CAB93D4FB4}.Release|x64.ActiveCfg = Release|x64
		{6564A194-4992-48F6-969C-02CAB93D4FB4}.Release|x64.Build.0 = Release|x64
		{6564A194-4992-48F6-969C-02CAB93D4FB4}.Release|x86.ActiveCfg = Release|Win32
		{6564A194-4992-48F6-969C-02CAB93D4FB4}.Release|x86.Build.0 = Release|Win32
	EndGlobalSection
	GlobalSection(SolutionProperties) = preSolution
		HideSolutionNode = FALSE
	EndGlobalSection
	GlobalSection(ExtensibilityGlobals) = postSolution
		SolutionGuid = {D8AC85A9-6925-43C5-BCAD-CD6FE1046776}
	EndGlobalSection
EndGlobal
